
Microsoft Visual Studio Solution File, Format Version 12.00
# Visual Studio Version 16
VisualStudioVersion = 16.0.31112.23
MinimumVisualStudioVersion = 10.0.40219.1
Project("{FAE04EC0-301F-11D3-BF4B-00C04F79EFBC}") = "LagoVista.PickAndPlace.App", "LagoVista.PickAndPlace.App\LagoVista.PickAndPlace.App.csproj", "{1C1E2C07-6D0F-4182-AF79-613365F2E0B3}"
EndProject
Project("{FAE04EC0-301F-11D3-BF4B-00C04F79EFBC}") = "LagoVista.GCode", "LagoVista.GCode\LagoVista.GCode.csproj", "{3404DE7D-CFB3-4236-BF9A-611A1853BDC9}"
EndProject
Project("{FAE04EC0-301F-11D3-BF4B-00C04F79EFBC}") = "LagoVista.PCB.Eagle", "LagoVista.PCB.Eagle\LagoVista.PCB.Eagle.csproj", "{58B2E1F4-A4FF-43B6-97DE-4DEF8E17941A}"
EndProject
Project("{FAE04EC0-301F-11D3-BF4B-00C04F79EFBC}") = "LagoVista.PickAndPlace", "LagoVista.PickAndPlace\LagoVista.PickAndPlace.csproj", "{09710442-24ED-4E7B-B08D-9C6FA96734E0}"
EndProject
Project("{FAE04EC0-301F-11D3-BF4B-00C04F79EFBC}") = "FontAwesome.WPF", "FontAwesome.WPF\FontAwesome.WPF.csproj", "{2BB541BD-DE5E-4EF8-9614-79818A3503E2}"
EndProject
Global
	GlobalSection(SolutionConfigurationPlatforms) = preSolution
		Debug|Any CPU = Debug|Any CPU
		Release|Any CPU = Release|Any CPU
	EndGlobalSection
	GlobalSection(ProjectConfigurationPlatforms) = postSolution
		{1C1E2C07-6D0F-4182-AF79-613365F2E0B3}.Debug|Any CPU.ActiveCfg = Debug|Any CPU
		{1C1E2C07-6D0F-4182-AF79-613365F2E0B3}.Debug|Any CPU.Build.0 = Debug|Any CPU
		{1C1E2C07-6D0F-4182-AF79-613365F2E0B3}.Release|Any CPU.ActiveCfg = Release|Any CPU
		{1C1E2C07-6D0F-4182-AF79-613365F2E0B3}.Release|Any CPU.Build.0 = Release|Any CPU
		{3404DE7D-CFB3-4236-BF9A-611A1853BDC9}.Debug|Any CPU.ActiveCfg = Debug|Any CPU
		{3404DE7D-CFB3-4236-BF9A-611A1853BDC9}.Debug|Any CPU.Build.0 = Debug|Any CPU
		{3404DE7D-CFB3-4236-BF9A-611A1853BDC9}.Release|Any CPU.ActiveCfg = Release|Any CPU
		{3404DE7D-CFB3-4236-BF9A-611A1853BDC9}.Release|Any CPU.Build.0 = Release|Any CPU
		{58B2E1F4-A4FF-43B6-97DE-4DEF8E17941A}.Debug|Any CPU.ActiveCfg = Debug|Any CPU
		{58B2E1F4-A4FF-43B6-97DE-4DEF8E17941A}.Debug|Any CPU.Build.0 = Debug|Any CPU
		{58B2E1F4-A4FF-43B6-97DE-4DEF8E17941A}.Release|Any CPU.ActiveCfg = Release|Any CPU
		{58B2E1F4-A4FF-43B6-97DE-4DEF8E17941A}.Release|Any CPU.Build.0 = Release|Any CPU
		{09710442-24ED-4E7B-B08D-9C6FA96734E0}.Debug|Any CPU.ActiveCfg = Debug|Any CPU
		{09710442-24ED-4E7B-B08D-9C6FA96734E0}.Debug|Any CPU.Build.0 = Debug|Any CPU
		{09710442-24ED-4E7B-B08D-9C6FA96734E0}.Release|Any CPU.ActiveCfg = Release|Any CPU
		{09710442-24ED-4E7B-B08D-9C6FA96734E0}.Release|Any CPU.Build.0 = Release|Any CPU
		{2BB541BD-DE5E-4EF8-9614-79818A3503E2}.Debug|Any CPU.ActiveCfg = Debug|Any CPU
		{2BB541BD-DE5E-4EF8-9614-79818A3503E2}.Debug|Any CPU.Build.0 = Debug|Any CPU
		{2BB541BD-DE5E-4EF8-9614-79818A3503E2}.Release|Any CPU.ActiveCfg = Release|Any CPU
		{2BB541BD-DE5E-4EF8-9614-79818A3503E2}.Release|Any CPU.Build.0 = Release|Any CPU
	EndGlobalSection
	GlobalSection(SolutionProperties) = preSolution
		HideSolutionNode = FALSE
	EndGlobalSection
	GlobalSection(ExtensibilityGlobals) = postSolution
		SolutionGuid = {2E6BAC21-6B36-4B71-AF71-6A3F72C1C38D}
	EndGlobalSection
EndGlobal
